
Microsoft Visual Studio Solution File, Format Version 12.00
# Visual Studio Version 17
VisualStudioVersion = 17.7.34018.315
MinimumVisualStudioVersion = 10.0.40219.1
Project("{9A19103F-16F7-4668-BE54-9A1E7A4F7556}") = "DungeonCrawler", "DungeonCrawler.csproj", "{533A4AA3-DD3D-4CFB-BDFF-BA479C8108FA}"
EndProject
Project("{2150E333-8FDC-42A3-9474-1A3956D46DE8}") = "Solution Items", "Solution Items", "{355BBD0B-69FA-4358-B23B-CD3142941685}"
	ProjectSection(SolutionItems) = preProject
		.editorconfig = .editorconfig
	EndProjectSection
EndProject
Global
	GlobalSection(SolutionConfigurationPlatforms) = preSolution
		Debug|Any CPU = Debug|Any CPU
		Release|Any CPU = Release|Any CPU
	EndGlobalSection
	GlobalSection(ProjectConfigurationPlatforms) = postSolution
		{533A4AA3-DD3D-4CFB-BDFF-BA479C8108FA}.Debug|Any CPU.ActiveCfg = Debug|Any CPU
		{533A4AA3-DD3D-4CFB-BDFF-BA479C8108FA}.Debug|Any CPU.Build.0 = Debug|Any CPU
		{533A4AA3-DD3D-4CFB-BDFF-BA479C8108FA}.Release|Any CPU.ActiveCfg = Release|Any CPU
		{533A4AA3-DD3D-4CFB-BDFF-BA479C8108FA}.Release|Any CPU.Build.0 = Release|Any CPU
	EndGlobalSection
	GlobalSection(SolutionProperties) = preSolution
		HideSolutionNode = FALSE
	EndGlobalSection
	GlobalSection(ExtensibilityGlobals) = postSolution
		SolutionGuid = {BC4912C9-1FC5-401F-ACC9-58772F1C3517}
	EndGlobalSection
EndGlobal
